// !$*UTF8*$!
{
	archiveVersion = 1;
	classes = {
	};
	objectVersion = 55;
	objects = {

/* Begin PBXBuildFile section */
		182AB390FAFC01A159956895 /* Pods_Vote_Know_HowTests.framework in Frameworks */ = {isa = PBXBuildFile; fileRef = F34067C51C16B764BFF66EF7 /* Pods_Vote_Know_HowTests.framework */; };
		25771E4F2738515D00A8DC07 /* Representative.swift in Sources */ = {isa = PBXBuildFile; fileRef = 25771E4E2738515D00A8DC07 /* Representative.swift */; };
		257837B4276FE6B400F2817C /* NetworkManager.swift in Sources */ = {isa = PBXBuildFile; fileRef = 257837B3276FE6B400F2817C /* NetworkManager.swift */; };
		25B7D7CB27377B6C0089BF40 /* AppDelegate.swift in Sources */ = {isa = PBXBuildFile; fileRef = 25B7D7CA27377B6C0089BF40 /* AppDelegate.swift */; };
		25B7D7CD27377B6C0089BF40 /* SceneDelegate.swift in Sources */ = {isa = PBXBuildFile; fileRef = 25B7D7CC27377B6C0089BF40 /* SceneDelegate.swift */; };
		25B7D7CF27377B6C0089BF40 /* ViewController.swift in Sources */ = {isa = PBXBuildFile; fileRef = 25B7D7CE27377B6C0089BF40 /* ViewController.swift */; };
		25B7D7D227377B6C0089BF40 /* Main.storyboard in Resources */ = {isa = PBXBuildFile; fileRef = 25B7D7D027377B6C0089BF40 /* Main.storyboard */; };
		25B7D7D527377B6C0089BF40 /* Vote_Know_How.xcdatamodeld in Sources */ = {isa = PBXBuildFile; fileRef = 25B7D7D327377B6C0089BF40 /* Vote_Know_How.xcdatamodeld */; };
		25B7D7D727377B6D0089BF40 /* Assets.xcassets in Resources */ = {isa = PBXBuildFile; fileRef = 25B7D7D627377B6D0089BF40 /* Assets.xcassets */; };
		25B7D7DA27377B6D0089BF40 /* LaunchScreen.storyboard in Resources */ = {isa = PBXBuildFile; fileRef = 25B7D7D827377B6D0089BF40 /* LaunchScreen.storyboard */; };
		25B7D7E527377B6D0089BF40 /* Vote_Know_HowTests.swift in Sources */ = {isa = PBXBuildFile; fileRef = 25B7D7E427377B6D0089BF40 /* Vote_Know_HowTests.swift */; };
		25B7D7EF27377B6D0089BF40 /* Vote_Know_HowUITests.swift in Sources */ = {isa = PBXBuildFile; fileRef = 25B7D7EE27377B6D0089BF40 /* Vote_Know_HowUITests.swift */; };
		25B7D7F127377B6D0089BF40 /* Vote_Know_HowUITestsLaunchTests.swift in Sources */ = {isa = PBXBuildFile; fileRef = 25B7D7F027377B6D0089BF40 /* Vote_Know_HowUITestsLaunchTests.swift */; };
		D516FB5D93F12D07B64901B2 /* Pods_Vote_Know_How.framework in Frameworks */ = {isa = PBXBuildFile; fileRef = 445A633764EC4A4FB86EC708 /* Pods_Vote_Know_How.framework */; };
		D82D2A665FE3D4FB13D7FF1A /* Pods_Vote_Know_How_Vote_Know_HowUITests.framework in Frameworks */ = {isa = PBXBuildFile; fileRef = F4CA02533C261A139258DC9C /* Pods_Vote_Know_How_Vote_Know_HowUITests.framework */; };
/* End PBXBuildFile section */

/* Begin PBXContainerItemProxy section */
		25B7D7E127377B6D0089BF40 /* PBXContainerItemProxy */ = {
			isa = PBXContainerItemProxy;
			containerPortal = 25B7D7BF27377B6C0089BF40 /* Project object */;
			proxyType = 1;
			remoteGlobalIDString = 25B7D7C627377B6C0089BF40;
			remoteInfo = "Vote Know How";
		};
		25B7D7EB27377B6D0089BF40 /* PBXContainerItemProxy */ = {
			isa = PBXContainerItemProxy;
			containerPortal = 25B7D7BF27377B6C0089BF40 /* Project object */;
			proxyType = 1;
			remoteGlobalIDString = 25B7D7C627377B6C0089BF40;
			remoteInfo = "Vote Know How";
		};
/* End PBXContainerItemProxy section */

/* Begin PBXFileReference section */
		25771E4E2738515D00A8DC07 /* Representative.swift */ = {isa = PBXFileReference; lastKnownFileType = sourcecode.swift; path = Representative.swift; sourceTree = "<group>"; };
		257837B3276FE6B400F2817C /* NetworkManager.swift */ = {isa = PBXFileReference; lastKnownFileType = sourcecode.swift; path = NetworkManager.swift; sourceTree = "<group>"; };
		25B7D7C727377B6C0089BF40 /* Vote Know How.app */ = {isa = PBXFileReference; explicitFileType = wrapper.application; includeInIndex = 0; path = "Vote Know How.app"; sourceTree = BUILT_PRODUCTS_DIR; };
		25B7D7CA27377B6C0089BF40 /* AppDelegate.swift */ = {isa = PBXFileReference; lastKnownFileType = sourcecode.swift; path = AppDelegate.swift; sourceTree = "<group>"; };
		25B7D7CC27377B6C0089BF40 /* SceneDelegate.swift */ = {isa = PBXFileReference; lastKnownFileType = sourcecode.swift; path = SceneDelegate.swift; sourceTree = "<group>"; };
		25B7D7CE27377B6C0089BF40 /* ViewController.swift */ = {isa = PBXFileReference; lastKnownFileType = sourcecode.swift; path = ViewController.swift; sourceTree = "<group>"; };
		25B7D7D127377B6C0089BF40 /* Base */ = {isa = PBXFileReference; lastKnownFileType = file.storyboard; name = Base; path = Base.lproj/Main.storyboard; sourceTree = "<group>"; };
		25B7D7D427377B6C0089BF40 /* Vote_Know_How.xcdatamodel */ = {isa = PBXFileReference; lastKnownFileType = wrapper.xcdatamodel; path = Vote_Know_How.xcdatamodel; sourceTree = "<group>"; };
		25B7D7D627377B6D0089BF40 /* Assets.xcassets */ = {isa = PBXFileReference; lastKnownFileType = folder.assetcatalog; path = Assets.xcassets; sourceTree = "<group>"; };
		25B7D7D927377B6D0089BF40 /* Base */ = {isa = PBXFileReference; lastKnownFileType = file.storyboard; name = Base; path = Base.lproj/LaunchScreen.storyboard; sourceTree = "<group>"; };
		25B7D7DB27377B6D0089BF40 /* Info.plist */ = {isa = PBXFileReference; lastKnownFileType = text.plist.xml; path = Info.plist; sourceTree = "<group>"; };
		25B7D7E027377B6D0089BF40 /* Vote Know HowTests.xctest */ = {isa = PBXFileReference; explicitFileType = wrapper.cfbundle; includeInIndex = 0; path = "Vote Know HowTests.xctest"; sourceTree = BUILT_PRODUCTS_DIR; };
		25B7D7E427377B6D0089BF40 /* Vote_Know_HowTests.swift */ = {isa = PBXFileReference; lastKnownFileType = sourcecode.swift; path = Vote_Know_HowTests.swift; sourceTree = "<group>"; };
		25B7D7EA27377B6D0089BF40 /* Vote Know HowUITests.xctest */ = {isa = PBXFileReference; explicitFileType = wrapper.cfbundle; includeInIndex = 0; path = "Vote Know HowUITests.xctest"; sourceTree = BUILT_PRODUCTS_DIR; };
		25B7D7EE27377B6D0089BF40 /* Vote_Know_HowUITests.swift */ = {isa = PBXFileReference; lastKnownFileType = sourcecode.swift; path = Vote_Know_HowUITests.swift; sourceTree = "<group>"; };
		25B7D7F027377B6D0089BF40 /* Vote_Know_HowUITestsLaunchTests.swift */ = {isa = PBXFileReference; lastKnownFileType = sourcecode.swift; path = Vote_Know_HowUITestsLaunchTests.swift; sourceTree = "<group>"; };
		445A633764EC4A4FB86EC708 /* Pods_Vote_Know_How.framework */ = {isa = PBXFileReference; explicitFileType = wrapper.framework; includeInIndex = 0; path = Pods_Vote_Know_How.framework; sourceTree = BUILT_PRODUCTS_DIR; };
		4952862D5571364433005FA6 /* Pods-Vote Know How.debug.xcconfig */ = {isa = PBXFileReference; includeInIndex = 1; lastKnownFileType = text.xcconfig; name = "Pods-Vote Know How.debug.xcconfig"; path = "Target Support Files/Pods-Vote Know How/Pods-Vote Know How.debug.xcconfig"; sourceTree = "<group>"; };
		55C92780C4BD99B48A824466 /* Pods-Vote Know How.release.xcconfig */ = {isa = PBXFileReference; includeInIndex = 1; lastKnownFileType = text.xcconfig; name = "Pods-Vote Know How.release.xcconfig"; path = "Target Support Files/Pods-Vote Know How/Pods-Vote Know How.release.xcconfig"; sourceTree = "<group>"; };
		58DAFF67FE7DC8C62C0FDFAA /* Pods-Vote Know HowTests.release.xcconfig */ = {isa = PBXFileReference; includeInIndex = 1; lastKnownFileType = text.xcconfig; name = "Pods-Vote Know HowTests.release.xcconfig"; path = "Target Support Files/Pods-Vote Know HowTests/Pods-Vote Know HowTests.release.xcconfig"; sourceTree = "<group>"; };
		62C151E11AE9764A2C304470 /* Pods-Vote Know How-Vote Know HowUITests.debug.xcconfig */ = {isa = PBXFileReference; includeInIndex = 1; lastKnownFileType = text.xcconfig; name = "Pods-Vote Know How-Vote Know HowUITests.debug.xcconfig"; path = "Target Support Files/Pods-Vote Know How-Vote Know HowUITests/Pods-Vote Know How-Vote Know HowUITests.debug.xcconfig"; sourceTree = "<group>"; };
		D777114E150647A5836C2DC3 /* Pods-Vote Know HowTests.debug.xcconfig */ = {isa = PBXFileReference; includeInIndex = 1; lastKnownFileType = text.xcconfig; name = "Pods-Vote Know HowTests.debug.xcconfig"; path = "Target Support Files/Pods-Vote Know HowTests/Pods-Vote Know HowTests.debug.xcconfig"; sourceTree = "<group>"; };
		F34067C51C16B764BFF66EF7 /* Pods_Vote_Know_HowTests.framework */ = {isa = PBXFileReference; explicitFileType = wrapper.framework; includeInIndex = 0; path = Pods_Vote_Know_HowTests.framework; sourceTree = BUILT_PRODUCTS_DIR; };
		F4CA02533C261A139258DC9C /* Pods_Vote_Know_How_Vote_Know_HowUITests.framework */ = {isa = PBXFileReference; explicitFileType = wrapper.framework; includeInIndex = 0; path = Pods_Vote_Know_How_Vote_Know_HowUITests.framework; sourceTree = BUILT_PRODUCTS_DIR; };
		FF6E59DABEC38FDFC827B501 /* Pods-Vote Know How-Vote Know HowUITests.release.xcconfig */ = {isa = PBXFileReference; includeInIndex = 1; lastKnownFileType = text.xcconfig; name = "Pods-Vote Know How-Vote Know HowUITests.release.xcconfig"; path = "Target Support Files/Pods-Vote Know How-Vote Know HowUITests/Pods-Vote Know How-Vote Know HowUITests.release.xcconfig"; sourceTree = "<group>"; };
/* End PBXFileReference section */

/* Begin PBXFrameworksBuildPhase section */
		25B7D7C427377B6C0089BF40 /* Frameworks */ = {
			isa = PBXFrameworksBuildPhase;
			buildActionMask = 2147483647;
			files = (
				D516FB5D93F12D07B64901B2 /* Pods_Vote_Know_How.framework in Frameworks */,
			);
			runOnlyForDeploymentPostprocessing = 0;
		};
		25B7D7DD27377B6D0089BF40 /* Frameworks */ = {
			isa = PBXFrameworksBuildPhase;
			buildActionMask = 2147483647;
			files = (
				182AB390FAFC01A159956895 /* Pods_Vote_Know_HowTests.framework in Frameworks */,
			);
			runOnlyForDeploymentPostprocessing = 0;
		};
		25B7D7E727377B6D0089BF40 /* Frameworks */ = {
			isa = PBXFrameworksBuildPhase;
			buildActionMask = 2147483647;
			files = (
				D82D2A665FE3D4FB13D7FF1A /* Pods_Vote_Know_How_Vote_Know_HowUITests.framework in Frameworks */,
			);
			runOnlyForDeploymentPostprocessing = 0;
		};
/* End PBXFrameworksBuildPhase section */

/* Begin PBXGroup section */
		25771E4D2738514900A8DC07 /* Models */ = {
			isa = PBXGroup;
			children = (
				25771E4E2738515D00A8DC07 /* Representative.swift */,
			);
			path = Models;
			sourceTree = "<group>";
		};
		257837B2276FE6A200F2817C /* Managers */ = {
			isa = PBXGroup;
			children = (
				257837B3276FE6B400F2817C /* NetworkManager.swift */,
			);
			path = Managers;
			sourceTree = "<group>";
		};
		25B7D7BE27377B6C0089BF40 = {
			isa = PBXGroup;
			children = (
				25B7D7C927377B6C0089BF40 /* Vote Know How */,
				25B7D7E327377B6D0089BF40 /* Vote Know HowTests */,
				25B7D7ED27377B6D0089BF40 /* Vote Know HowUITests */,
				25B7D7C827377B6C0089BF40 /* Products */,
				61D3E95051B661D72AB6E192 /* Pods */,
				7BFA2C1428A6C9B1A892F562 /* Frameworks */,
			);
			sourceTree = "<group>";
		};
		25B7D7C827377B6C0089BF40 /* Products */ = {
			isa = PBXGroup;
			children = (
				25B7D7C727377B6C0089BF40 /* Vote Know How.app */,
				25B7D7E027377B6D0089BF40 /* Vote Know HowTests.xctest */,
				25B7D7EA27377B6D0089BF40 /* Vote Know HowUITests.xctest */,
			);
			name = Products;
			sourceTree = "<group>";
		};
		25B7D7C927377B6C0089BF40 /* Vote Know How */ = {
			isa = PBXGroup;
			children = (
				257837B2276FE6A200F2817C /* Managers */,
				25771E4D2738514900A8DC07 /* Models */,
				25B7D7CA27377B6C0089BF40 /* AppDelegate.swift */,
				25B7D7CC27377B6C0089BF40 /* SceneDelegate.swift */,
				25B7D7CE27377B6C0089BF40 /* ViewController.swift */,
				25B7D7D027377B6C0089BF40 /* Main.storyboard */,
				25B7D7D627377B6D0089BF40 /* Assets.xcassets */,
				25B7D7D827377B6D0089BF40 /* LaunchScreen.storyboard */,
				25B7D7DB27377B6D0089BF40 /* Info.plist */,
				25B7D7D327377B6C0089BF40 /* Vote_Know_How.xcdatamodeld */,
			);
			path = "Vote Know How";
			sourceTree = "<group>";
		};
		25B7D7E327377B6D0089BF40 /* Vote Know HowTests */ = {
			isa = PBXGroup;
			children = (
				25B7D7E427377B6D0089BF40 /* Vote_Know_HowTests.swift */,
			);
			path = "Vote Know HowTests";
			sourceTree = "<group>";
		};
		25B7D7ED27377B6D0089BF40 /* Vote Know HowUITests */ = {
			isa = PBXGroup;
			children = (
				25B7D7EE27377B6D0089BF40 /* Vote_Know_HowUITests.swift */,
				25B7D7F027377B6D0089BF40 /* Vote_Know_HowUITestsLaunchTests.swift */,
			);
			path = "Vote Know HowUITests";
			sourceTree = "<group>";
		};
		61D3E95051B661D72AB6E192 /* Pods */ = {
			isa = PBXGroup;
			children = (
				4952862D5571364433005FA6 /* Pods-Vote Know How.debug.xcconfig */,
				55C92780C4BD99B48A824466 /* Pods-Vote Know How.release.xcconfig */,
				62C151E11AE9764A2C304470 /* Pods-Vote Know How-Vote Know HowUITests.debug.xcconfig */,
				FF6E59DABEC38FDFC827B501 /* Pods-Vote Know How-Vote Know HowUITests.release.xcconfig */,
				D777114E150647A5836C2DC3 /* Pods-Vote Know HowTests.debug.xcconfig */,
				58DAFF67FE7DC8C62C0FDFAA /* Pods-Vote Know HowTests.release.xcconfig */,
			);
			path = Pods;
			sourceTree = "<group>";
		};
		7BFA2C1428A6C9B1A892F562 /* Frameworks */ = {
			isa = PBXGroup;
			children = (
				445A633764EC4A4FB86EC708 /* Pods_Vote_Know_How.framework */,
				F4CA02533C261A139258DC9C /* Pods_Vote_Know_How_Vote_Know_HowUITests.framework */,
				F34067C51C16B764BFF66EF7 /* Pods_Vote_Know_HowTests.framework */,
			);
			name = Frameworks;
			sourceTree = "<group>";
		};
/* End PBXGroup section */

/* Begin PBXNativeTarget section */
		25B7D7C627377B6C0089BF40 /* Vote Know How */ = {
			isa = PBXNativeTarget;
			buildConfigurationList = 25B7D7F427377B6D0089BF40 /* Build configuration list for PBXNativeTarget "Vote Know How" */;
			buildPhases = (
				656C65E786CCA7C8D99149E1 /* [CP] Check Pods Manifest.lock */,
				25B7D7C327377B6C0089BF40 /* Sources */,
				25B7D7C427377B6C0089BF40 /* Frameworks */,
				25B7D7C527377B6C0089BF40 /* Resources */,
				7B27390F44474777EC39CEE6 /* [CP] Embed Pods Frameworks */,
			);
			buildRules = (
			);
			dependencies = (
			);
			name = "Vote Know How";
			productName = "Vote Know How";
			productReference = 25B7D7C727377B6C0089BF40 /* Vote Know How.app */;
			productType = "com.apple.product-type.application";
		};
		25B7D7DF27377B6D0089BF40 /* Vote Know HowTests */ = {
			isa = PBXNativeTarget;
			buildConfigurationList = 25B7D7F727377B6D0089BF40 /* Build configuration list for PBXNativeTarget "Vote Know HowTests" */;
			buildPhases = (
				4A9C062D870704B841947BC2 /* [CP] Check Pods Manifest.lock */,
				25B7D7DC27377B6D0089BF40 /* Sources */,
				25B7D7DD27377B6D0089BF40 /* Frameworks */,
				25B7D7DE27377B6D0089BF40 /* Resources */,
			);
			buildRules = (
			);
			dependencies = (
				25B7D7E227377B6D0089BF40 /* PBXTargetDependency */,
			);
			name = "Vote Know HowTests";
			productName = "Vote Know HowTests";
			productReference = 25B7D7E027377B6D0089BF40 /* Vote Know HowTests.xctest */;
			productType = "com.apple.product-type.bundle.unit-test";
		};
		25B7D7E927377B6D0089BF40 /* Vote Know HowUITests */ = {
			isa = PBXNativeTarget;
			buildConfigurationList = 25B7D7FA27377B6D0089BF40 /* Build configuration list for PBXNativeTarget "Vote Know HowUITests" */;
			buildPhases = (
				7D7D280383479870556D82B0 /* [CP] Check Pods Manifest.lock */,
				25B7D7E627377B6D0089BF40 /* Sources */,
				25B7D7E727377B6D0089BF40 /* Frameworks */,
				25B7D7E827377B6D0089BF40 /* Resources */,
				1569925ED0C625C552877178 /* [CP] Embed Pods Frameworks */,
			);
			buildRules = (
			);
			dependencies = (
				25B7D7EC27377B6D0089BF40 /* PBXTargetDependency */,
			);
			name = "Vote Know HowUITests";
			productName = "Vote Know HowUITests";
			productReference = 25B7D7EA27377B6D0089BF40 /* Vote Know HowUITests.xctest */;
			productType = "com.apple.product-type.bundle.ui-testing";
		};
/* End PBXNativeTarget section */

/* Begin PBXProject section */
		25B7D7BF27377B6C0089BF40 /* Project object */ = {
			isa = PBXProject;
			attributes = {
				BuildIndependentTargetsInParallel = 1;
				LastSwiftUpdateCheck = 1310;
				LastUpgradeCheck = 1310;
				TargetAttributes = {
					25B7D7C627377B6C0089BF40 = {
						CreatedOnToolsVersion = 13.1;
					};
					25B7D7DF27377B6D0089BF40 = {
						CreatedOnToolsVersion = 13.1;
						TestTargetID = 25B7D7C627377B6C0089BF40;
					};
					25B7D7E927377B6D0089BF40 = {
						CreatedOnToolsVersion = 13.1;
						TestTargetID = 25B7D7C627377B6C0089BF40;
					};
				};
			};
			buildConfigurationList = 25B7D7C227377B6C0089BF40 /* Build configuration list for PBXProject "Vote Know How" */;
			compatibilityVersion = "Xcode 13.0";
			developmentRegion = en;
			hasScannedForEncodings = 0;
			knownRegions = (
				en,
				Base,
			);
			mainGroup = 25B7D7BE27377B6C0089BF40;
			productRefGroup = 25B7D7C827377B6C0089BF40 /* Products */;
			projectDirPath = "";
			projectRoot = "";
			targets = (
				25B7D7C627377B6C0089BF40 /* Vote Know How */,
				25B7D7DF27377B6D0089BF40 /* Vote Know HowTests */,
				25B7D7E927377B6D0089BF40 /* Vote Know HowUITests */,
			);
		};
/* End PBXProject section */

/* Begin PBXResourcesBuildPhase section */
		25B7D7C527377B6C0089BF40 /* Resources */ = {
			isa = PBXResourcesBuildPhase;
			buildActionMask = 2147483647;
			files = (
				25B7D7DA27377B6D0089BF40 /* LaunchScreen.storyboard in Resources */,
				25B7D7D727377B6D0089BF40 /* Assets.xcassets in Resources */,
				25B7D7D227377B6C0089BF40 /* Main.storyboard in Resources */,
			);
			runOnlyForDeploymentPostprocessing = 0;
		};
		25B7D7DE27377B6D0089BF40 /* Resources */ = {
			isa = PBXResourcesBuildPhase;
			buildActionMask = 2147483647;
			files = (
			);
			runOnlyForDeploymentPostprocessing = 0;
		};
		25B7D7E827377B6D0089BF40 /* Resources */ = {
			isa = PBXResourcesBuildPhase;
			buildActionMask = 2147483647;
			files = (
			);
			runOnlyForDeploymentPostprocessing = 0;
		};
/* End PBXResourcesBuildPhase section */

/* Begin PBXShellScriptBuildPhase section */
		1569925ED0C625C552877178 /* [CP] Embed Pods Frameworks */ = {
			isa = PBXShellScriptBuildPhase;
			buildActionMask = 2147483647;
			files = (
			);
			inputFileListPaths = (
				"${PODS_ROOT}/Target Support Files/Pods-Vote Know How-Vote Know HowUITests/Pods-Vote Know How-Vote Know HowUITests-frameworks-${CONFIGURATION}-input-files.xcfilelist",
			);
			name = "[CP] Embed Pods Frameworks";
			outputFileListPaths = (
				"${PODS_ROOT}/Target Support Files/Pods-Vote Know How-Vote Know HowUITests/Pods-Vote Know How-Vote Know HowUITests-frameworks-${CONFIGURATION}-output-files.xcfilelist",
			);
			runOnlyForDeploymentPostprocessing = 0;
			shellPath = /bin/sh;
			shellScript = "\"${PODS_ROOT}/Target Support Files/Pods-Vote Know How-Vote Know HowUITests/Pods-Vote Know How-Vote Know HowUITests-frameworks.sh\"\n";
			showEnvVarsInLog = 0;
		};
		4A9C062D870704B841947BC2 /* [CP] Check Pods Manifest.lock */ = {
			isa = PBXShellScriptBuildPhase;
			buildActionMask = 2147483647;
			files = (
			);
			inputFileListPaths = (
			);
			inputPaths = (
				"${PODS_PODFILE_DIR_PATH}/Podfile.lock",
				"${PODS_ROOT}/Manifest.lock",
			);
			name = "[CP] Check Pods Manifest.lock";
			outputFileListPaths = (
			);
			outputPaths = (
				"$(DERIVED_FILE_DIR)/Pods-Vote Know HowTests-checkManifestLockResult.txt",
			);
			runOnlyForDeploymentPostprocessing = 0;
			shellPath = /bin/sh;
			shellScript = "diff \"${PODS_PODFILE_DIR_PATH}/Podfile.lock\" \"${PODS_ROOT}/Manifest.lock\" > /dev/null\nif [ $? != 0 ] ; then\n    # print error to STDERR\n    echo \"error: The sandbox is not in sync with the Podfile.lock. Run 'pod install' or update your CocoaPods installation.\" >&2\n    exit 1\nfi\n# This output is used by Xcode 'outputs' to avoid re-running this script phase.\necho \"SUCCESS\" > \"${SCRIPT_OUTPUT_FILE_0}\"\n";
			showEnvVarsInLog = 0;
		};
		656C65E786CCA7C8D99149E1 /* [CP] Check Pods Manifest.lock */ = {
			isa = PBXShellScriptBuildPhase;
			buildActionMask = 2147483647;
			files = (
			);
			inputFileListPaths = (
			);
			inputPaths = (
				"${PODS_PODFILE_DIR_PATH}/Podfile.lock",
				"${PODS_ROOT}/Manifest.lock",
			);
			name = "[CP] Check Pods Manifest.lock";
			outputFileListPaths = (
			);
			outputPaths = (
				"$(DERIVED_FILE_DIR)/Pods-Vote Know How-checkManifestLockResult.txt",
			);
			runOnlyForDeploymentPostprocessing = 0;
			shellPath = /bin/sh;
			shellScript = "diff \"${PODS_PODFILE_DIR_PATH}/Podfile.lock\" \"${PODS_ROOT}/Manifest.lock\" > /dev/null\nif [ $? != 0 ] ; then\n    # print error to STDERR\n    echo \"error: The sandbox is not in sync with the Podfile.lock. Run 'pod install' or update your CocoaPods installation.\" >&2\n    exit 1\nfi\n# This output is used by Xcode 'outputs' to avoid re-running this script phase.\necho \"SUCCESS\" > \"${SCRIPT_OUTPUT_FILE_0}\"\n";
			showEnvVarsInLog = 0;
		};
		7B27390F44474777EC39CEE6 /* [CP] Embed Pods Frameworks */ = {
			isa = PBXShellScriptBuildPhase;
			buildActionMask = 2147483647;
			files = (
			);
			inputFileListPaths = (
				"${PODS_ROOT}/Target Support Files/Pods-Vote Know How/Pods-Vote Know How-frameworks-${CONFIGURATION}-input-files.xcfilelist",
			);
			name = "[CP] Embed Pods Frameworks";
			outputFileListPaths = (
				"${PODS_ROOT}/Target Support Files/Pods-Vote Know How/Pods-Vote Know How-frameworks-${CONFIGURATION}-output-files.xcfilelist",
			);
			runOnlyForDeploymentPostprocessing = 0;
			shellPath = /bin/sh;
			shellScript = "\"${PODS_ROOT}/Target Support Files/Pods-Vote Know How/Pods-Vote Know How-frameworks.sh\"\n";
			showEnvVarsInLog = 0;
		};
		7D7D280383479870556D82B0 /* [CP] Check Pods Manifest.lock */ = {
			isa = PBXShellScriptBuildPhase;
			buildActionMask = 2147483647;
			files = (
			);
			inputFileListPaths = (
			);
			inputPaths = (
				"${PODS_PODFILE_DIR_PATH}/Podfile.lock",
				"${PODS_ROOT}/Manifest.lock",
			);
			name = "[CP] Check Pods Manifest.lock";
			outputFileListPaths = (
			);
			outputPaths = (
				"$(DERIVED_FILE_DIR)/Pods-Vote Know How-Vote Know HowUITests-checkManifestLockResult.txt",
			);
			runOnlyForDeploymentPostprocessing = 0;
			shellPath = /bin/sh;
			shellScript = "diff \"${PODS_PODFILE_DIR_PATH}/Podfile.lock\" \"${PODS_ROOT}/Manifest.lock\" > /dev/null\nif [ $? != 0 ] ; then\n    # print error to STDERR\n    echo \"error: The sandbox is not in sync with the Podfile.lock. Run 'pod install' or update your CocoaPods installation.\" >&2\n    exit 1\nfi\n# This output is used by Xcode 'outputs' to avoid re-running this script phase.\necho \"SUCCESS\" > \"${SCRIPT_OUTPUT_FILE_0}\"\n";
			showEnvVarsInLog = 0;
		};
/* End PBXShellScriptBuildPhase section */

/* Begin PBXSourcesBuildPhase section */
		25B7D7C327377B6C0089BF40 /* Sources */ = {
			isa = PBXSourcesBuildPhase;
			buildActionMask = 2147483647;
			files = (
				257837B4276FE6B400F2817C /* NetworkManager.swift in Sources */,
				25B7D7CF27377B6C0089BF40 /* ViewController.swift in Sources */,
				25B7D7CB27377B6C0089BF40 /* AppDelegate.swift in Sources */,
				25B7D7CD27377B6C0089BF40 /* SceneDelegate.swift in Sources */,
				25771E4F2738515D00A8DC07 /* Representative.swift in Sources */,
				25B7D7D527377B6C0089BF40 /* Vote_Know_How.xcdatamodeld in Sources */,
			);
			runOnlyForDeploymentPostprocessing = 0;
		};
		25B7D7DC27377B6D0089BF40 /* Sources */ = {
			isa = PBXSourcesBuildPhase;
			buildActionMask = 2147483647;
			files = (
				25B7D7E527377B6D0089BF40 /* Vote_Know_HowTests.swift in Sources */,
			);
			runOnlyForDeploymentPostprocessing = 0;
		};
		25B7D7E627377B6D0089BF40 /* Sources */ = {
			isa = PBXSourcesBuildPhase;
			buildActionMask = 2147483647;
			files = (
				25B7D7F127377B6D0089BF40 /* Vote_Know_HowUITestsLaunchTests.swift in Sources */,
				25B7D7EF27377B6D0089BF40 /* Vote_Know_HowUITests.swift in Sources */,
			);
			runOnlyForDeploymentPostprocessing = 0;
		};
/* End PBXSourcesBuildPhase section */

/* Begin PBXTargetDependency section */
		25B7D7E227377B6D0089BF40 /* PBXTargetDependency */ = {
			isa = PBXTargetDependency;
			target = 25B7D7C627377B6C0089BF40 /* Vote Know How */;
			targetProxy = 25B7D7E127377B6D0089BF40 /* PBXContainerItemProxy */;
		};
		25B7D7EC27377B6D0089BF40 /* PBXTargetDependency */ = {
			isa = PBXTargetDependency;
			target = 25B7D7C627377B6C0089BF40 /* Vote Know How */;
			targetProxy = 25B7D7EB27377B6D0089BF40 /* PBXContainerItemProxy */;
		};
/* End PBXTargetDependency section */

/* Begin PBXVariantGroup section */
		25B7D7D027377B6C0089BF40 /* Main.storyboard */ = {
			isa = PBXVariantGroup;
			children = (
				25B7D7D127377B6C0089BF40 /* Base */,
			);
			name = Main.storyboard;
			sourceTree = "<group>";
		};
		25B7D7D827377B6D0089BF40 /* LaunchScreen.storyboard */ = {
			isa = PBXVariantGroup;
			children = (
				25B7D7D927377B6D0089BF40 /* Base */,
			);
			name = LaunchScreen.storyboard;
			sourceTree = "<group>";
		};
/* End PBXVariantGroup section */

/* Begin XCBuildConfiguration section */
		25B7D7F227377B6D0089BF40 /* Debug */ = {
			isa = XCBuildConfiguration;
			buildSettings = {
				ALWAYS_SEARCH_USER_PATHS = NO;
				CLANG_ANALYZER_NONNULL = YES;
				CLANG_ANALYZER_NUMBER_OBJECT_CONVERSION = YES_AGGRESSIVE;
				CLANG_CXX_LANGUAGE_STANDARD = "gnu++17";
				CLANG_CXX_LIBRARY = "libc++";
				CLANG_ENABLE_MODULES = YES;
				CLANG_ENABLE_OBJC_ARC = YES;
				CLANG_ENABLE_OBJC_WEAK = YES;
				CLANG_WARN_BLOCK_CAPTURE_AUTORELEASING = YES;
				CLANG_WARN_BOOL_CONVERSION = YES;
				CLANG_WARN_COMMA = YES;
				CLANG_WARN_CONSTANT_CONVERSION = YES;
				CLANG_WARN_DEPRECATED_OBJC_IMPLEMENTATIONS = YES;
				CLANG_WARN_DIRECT_OBJC_ISA_USAGE = YES_ERROR;
				CLANG_WARN_DOCUMENTATION_COMMENTS = YES;
				CLANG_WARN_EMPTY_BODY = YES;
				CLANG_WARN_ENUM_CONVERSION = YES;
				CLANG_WARN_INFINITE_RECURSION = YES;
				CLANG_WARN_INT_CONVERSION = YES;
				CLANG_WARN_NON_LITERAL_NULL_CONVERSION = YES;
				CLANG_WARN_OBJC_IMPLICIT_RETAIN_SELF = YES;
				CLANG_WARN_OBJC_LITERAL_CONVERSION = YES;
				CLANG_WARN_OBJC_ROOT_CLASS = YES_ERROR;
				CLANG_WARN_QUOTED_INCLUDE_IN_FRAMEWORK_HEADER = YES;
				CLANG_WARN_RANGE_LOOP_ANALYSIS = YES;
				CLANG_WARN_STRICT_PROTOTYPES = YES;
				CLANG_WARN_SUSPICIOUS_MOVE = YES;
				CLANG_WARN_UNGUARDED_AVAILABILITY = YES_AGGRESSIVE;
				CLANG_WARN_UNREACHABLE_CODE = YES;
				CLANG_WARN__DUPLICATE_METHOD_MATCH = YES;
				COPY_PHASE_STRIP = NO;
				DEBUG_INFORMATION_FORMAT = dwarf;
				ENABLE_STRICT_OBJC_MSGSEND = YES;
				ENABLE_TESTABILITY = YES;
				GCC_C_LANGUAGE_STANDARD = gnu11;
				GCC_DYNAMIC_NO_PIC = NO;
				GCC_NO_COMMON_BLOCKS = YES;
				GCC_OPTIMIZATION_LEVEL = 0;
				GCC_PREPROCESSOR_DEFINITIONS = (
					"DEBUG=1",
					"$(inherited)",
				);
				GCC_WARN_64_TO_32_BIT_CONVERSION = YES;
				GCC_WARN_ABOUT_RETURN_TYPE = YES_ERROR;
				GCC_WARN_UNDECLARED_SELECTOR = YES;
				GCC_WARN_UNINITIALIZED_AUTOS = YES_AGGRESSIVE;
				GCC_WARN_UNUSED_FUNCTION = YES;
				GCC_WARN_UNUSED_VARIABLE = YES;
				IPHONEOS_DEPLOYMENT_TARGET = 15.0;
				MTL_ENABLE_DEBUG_INFO = INCLUDE_SOURCE;
				MTL_FAST_MATH = YES;
				ONLY_ACTIVE_ARCH = YES;
				SDKROOT = iphoneos;
				SWIFT_ACTIVE_COMPILATION_CONDITIONS = DEBUG;
				SWIFT_OPTIMIZATION_LEVEL = "-Onone";
			};
			name = Debug;
		};
		25B7D7F327377B6D0089BF40 /* Release */ = {
			isa = XCBuildConfiguration;
			buildSettings = {
				ALWAYS_SEARCH_USER_PATHS = NO;
				CLANG_ANALYZER_NONNULL = YES;
				CLANG_ANALYZER_NUMBER_OBJECT_CONVERSION = YES_AGGRESSIVE;
				CLANG_CXX_LANGUAGE_STANDARD = "gnu++17";
				CLANG_CXX_LIBRARY = "libc++";
				CLANG_ENABLE_MODULES = YES;
				CLANG_ENABLE_OBJC_ARC = YES;
				CLANG_ENABLE_OBJC_WEAK = YES;
				CLANG_WARN_BLOCK_CAPTURE_AUTORELEASING = YES;
				CLANG_WARN_BOOL_CONVERSION = YES;
				CLANG_WARN_COMMA = YES;
				CLANG_WARN_CONSTANT_CONVERSION = YES;
				CLANG_WARN_DEPRECATED_OBJC_IMPLEMENTATIONS = YES;
				CLANG_WARN_DIRECT_OBJC_ISA_USAGE = YES_ERROR;
				CLANG_WARN_DOCUMENTATION_COMMENTS = YES;
				CLANG_WARN_EMPTY_BODY = YES;
				CLANG_WARN_ENUM_CONVERSION = YES;
				CLANG_WARN_INFINITE_RECURSION = YES;
				CLANG_WARN_INT_CONVERSION = YES;
				CLANG_WARN_NON_LITERAL_NULL_CONVERSION = YES;
				CLANG_WARN_OBJC_IMPLICIT_RETAIN_SELF = YES;
				CLANG_WARN_OBJC_LITERAL_CONVERSION = YES;
				CLANG_WARN_OBJC_ROOT_CLASS = YES_ERROR;
				CLANG_WARN_QUOTED_INCLUDE_IN_FRAMEWORK_HEADER = YES;
				CLANG_WARN_RANGE_LOOP_ANALYSIS = YES;
				CLANG_WARN_STRICT_PROTOTYPES = YES;
				CLANG_WARN_SUSPICIOUS_MOVE = YES;
				CLANG_WARN_UNGUARDED_AVAILABILITY = YES_AGGRESSIVE;
				CLANG_WARN_UNREACHABLE_CODE = YES;
				CLANG_WARN__DUPLICATE_METHOD_MATCH = YES;
				COPY_PHASE_STRIP = NO;
				DEBUG_INFORMATION_FORMAT = "dwarf-with-dsym";
				ENABLE_NS_ASSERTIONS = NO;
				ENABLE_STRICT_OBJC_MSGSEND = YES;
				GCC_C_LANGUAGE_STANDARD = gnu11;
				GCC_NO_COMMON_BLOCKS = YES;
				GCC_WARN_64_TO_32_BIT_CONVERSION = YES;
				GCC_WARN_ABOUT_RETURN_TYPE = YES_ERROR;
				GCC_WARN_UNDECLARED_SELECTOR = YES;
				GCC_WARN_UNINITIALIZED_AUTOS = YES_AGGRESSIVE;
				GCC_WARN_UNUSED_FUNCTION = YES;
				GCC_WARN_UNUSED_VARIABLE = YES;
				IPHONEOS_DEPLOYMENT_TARGET = 15.0;
				MTL_ENABLE_DEBUG_INFO = NO;
				MTL_FAST_MATH = YES;
				SDKROOT = iphoneos;
				SWIFT_COMPILATION_MODE = wholemodule;
				SWIFT_OPTIMIZATION_LEVEL = "-O";
				VALIDATE_PRODUCT = YES;
			};
			name = Release;
		};
		25B7D7F527377B6D0089BF40 /* Debug */ = {
			isa = XCBuildConfiguration;
			baseConfigurationReference = 4952862D5571364433005FA6 /* Pods-Vote Know How.debug.xcconfig */;
			buildSettings = {
				ASSETCATALOG_COMPILER_APPICON_NAME = AppIcon;
				ASSETCATALOG_COMPILER_GLOBAL_ACCENT_COLOR_NAME = AccentColor;
				CODE_SIGN_STYLE = Automatic;
				CURRENT_PROJECT_VERSION = 1;
				DEVELOPMENT_TEAM = BFN7NDKVPX;
				GENERATE_INFOPLIST_FILE = YES;
				INFOPLIST_FILE = "Vote Know How/Info.plist";
				INFOPLIST_KEY_UIApplicationSupportsIndirectInputEvents = YES;
				INFOPLIST_KEY_UILaunchStoryboardName = LaunchScreen;
				INFOPLIST_KEY_UIMainStoryboardFile = Main;
				INFOPLIST_KEY_UISupportedInterfaceOrientations_iPad = "UIInterfaceOrientationPortrait UIInterfaceOrientationPortraitUpsideDown UIInterfaceOrientationLandscapeLeft UIInterfaceOrientationLandscapeRight";
				INFOPLIST_KEY_UISupportedInterfaceOrientations_iPhone = "UIInterfaceOrientationPortrait UIInterfaceOrientationLandscapeLeft UIInterfaceOrientationLandscapeRight";
				LD_RUNPATH_SEARCH_PATHS = (
					"$(inherited)",
					"@executable_path/Frameworks",
				);
				MARKETING_VERSION = 1.0;
				PRODUCT_BUNDLE_IDENTIFIER = "dominickhera.Vote-Know-How";
				PRODUCT_NAME = "$(TARGET_NAME)";
				SWIFT_EMIT_LOC_STRINGS = YES;
				SWIFT_VERSION = 5.0;
				TARGETED_DEVICE_FAMILY = "1,2";
			};
			name = Debug;
		};
		25B7D7F627377B6D0089BF40 /* Release */ = {
			isa = XCBuildConfiguration;
			baseConfigurationReference = 55C92780C4BD99B48A824466 /* Pods-Vote Know How.release.xcconfig */;
			buildSettings = {
				ASSETCATALOG_COMPILER_APPICON_NAME = AppIcon;
				ASSETCATALOG_COMPILER_GLOBAL_ACCENT_COLOR_NAME = AccentColor;
				CODE_SIGN_STYLE = Automatic;
				CURRENT_PROJECT_VERSION = 1;
				DEVELOPMENT_TEAM = BFN7NDKVPX;
				GENERATE_INFOPLIST_FILE = YES;
				INFOPLIST_FILE = "Vote Know How/Info.plist";
				INFOPLIST_KEY_UIApplicationSupportsIndirectInputEvents = YES;
				INFOPLIST_KEY_UILaunchStoryboardName = LaunchScreen;
				INFOPLIST_KEY_UIMainStoryboardFile = Main;
				INFOPLIST_KEY_UISupportedInterfaceOrientations_iPad = "UIInterfaceOrientationPortrait UIInterfaceOrientationPortraitUpsideDown UIInterfaceOrientationLandscapeLeft UIInterfaceOrientationLandscapeRight";
				INFOPLIST_KEY_UISupportedInterfaceOrientations_iPhone = "UIInterfaceOrientationPortrait UIInterfaceOrientationLandscapeLeft UIInterfaceOrientationLandscapeRight";
				LD_RUNPATH_SEARCH_PATHS = (
					"$(inherited)",
					"@executable_path/Frameworks",
				);
				MARKETING_VERSION = 1.0;
				PRODUCT_BUNDLE_IDENTIFIER = "dominickhera.Vote-Know-How";
				PRODUCT_NAME = "$(TARGET_NAME)";
				SWIFT_EMIT_LOC_STRINGS = YES;
				SWIFT_VERSION = 5.0;
				TARGETED_DEVICE_FAMILY = "1,2";
			};
			name = Release;
		};
		25B7D7F827377B6D0089BF40 /* Debug */ = {
			isa = XCBuildConfiguration;
			baseConfigurationReference = D777114E150647A5836C2DC3 /* Pods-Vote Know HowTests.debug.xcconfig */;
			buildSettings = {
				ALWAYS_EMBED_SWIFT_STANDARD_LIBRARIES = YES;
				BUNDLE_LOADER = "$(TEST_HOST)";
				CODE_SIGN_STYLE = Automatic;
				CURRENT_PROJECT_VERSION = 1;
				DEVELOPMENT_TEAM = BFN7NDKVPX;
				GENERATE_INFOPLIST_FILE = YES;
				IPHONEOS_DEPLOYMENT_TARGET = 15.0;
				LD_RUNPATH_SEARCH_PATHS = (
					"$(inherited)",
					"@executable_path/Frameworks",
					"@loader_path/Frameworks",
				);
				MARKETING_VERSION = 1.0;
				PRODUCT_BUNDLE_IDENTIFIER = "dominickhera.Vote-Know-HowTests";
				PRODUCT_NAME = "$(TARGET_NAME)";
				SWIFT_EMIT_LOC_STRINGS = NO;
				SWIFT_VERSION = 5.0;
				TARGETED_DEVICE_FAMILY = "1,2";
				TEST_HOST = "$(BUILT_PRODUCTS_DIR)/Vote Know How.app/Vote Know How";
			};
			name = Debug;
		};
		25B7D7F927377B6D0089BF40 /* Release */ = {
			isa = XCBuildConfiguration;
			baseConfigurationReference = 58DAFF67FE7DC8C62C0FDFAA /* Pods-Vote Know HowTests.release.xcconfig */;
			buildSettings = {
				ALWAYS_EMBED_SWIFT_STANDARD_LIBRARIES = YES;
				BUNDLE_LOADER = "$(TEST_HOST)";
				CODE_SIGN_STYLE = Automatic;
				CURRENT_PROJECT_VERSION = 1;
				DEVELOPMENT_TEAM = BFN7NDKVPX;
				GENERATE_INFOPLIST_FILE = YES;
				IPHONEOS_DEPLOYMENT_TARGET = 15.0;
				LD_RUNPATH_SEARCH_PATHS = (
					"$(inherited)",
					"@executable_path/Frameworks",
					"@loader_path/Frameworks",
				);
				MARKETING_VERSION = 1.0;
				PRODUCT_BUNDLE_IDENTIFIER = "dominickhera.Vote-Know-HowTests";
				PRODUCT_NAME = "$(TARGET_NAME)";
				SWIFT_EMIT_LOC_STRINGS = NO;
				SWIFT_VERSION = 5.0;
				TARGETED_DEVICE_FAMILY = "1,2";
				TEST_HOST = "$(BUILT_PRODUCTS_DIR)/Vote Know How.app/Vote Know How";
			};
			name = Release;
		};
		25B7D7FB27377B6D0089BF40 /* Debug */ = {
			isa = XCBuildConfiguration;
			baseConfigurationReference = 62C151E11AE9764A2C304470 /* Pods-Vote Know How-Vote Know HowUITests.debug.xcconfig */;
			buildSettings = {
				ALWAYS_EMBED_SWIFT_STANDARD_LIBRARIES = YES;
				CODE_SIGN_STYLE = Automatic;
				CURRENT_PROJECT_VERSION = 1;
				DEVELOPMENT_TEAM = BFN7NDKVPX;
				GENERATE_INFOPLIST_FILE = YES;
				LD_RUNPATH_SEARCH_PATHS = (
					"$(inherited)",
					"@executable_path/Frameworks",
					"@loader_path/Frameworks",
				);
				MARKETING_VERSION = 1.0;
				PRODUCT_BUNDLE_IDENTIFIER = "dominickhera.Vote-Know-HowUITests";
				PRODUCT_NAME = "$(TARGET_NAME)";
				SWIFT_EMIT_LOC_STRINGS = NO;
				SWIFT_VERSION = 5.0;
				TARGETED_DEVICE_FAMILY = "1,2";
				TEST_TARGET_NAME = "Vote Know How";
			};
			name = Debug;
		};
		25B7D7FC27377B6D0089BF40 /* Release */ = {
			isa = XCBuildConfiguration;
			baseConfigurationReference = FF6E59DABEC38FDFC827B501 /* Pods-Vote Know How-Vote Know HowUITests.release.xcconfig */;
			buildSettings = {
				ALWAYS_EMBED_SWIFT_STANDARD_LIBRARIES = YES;
				CODE_SIGN_STYLE = Automatic;
				CURRENT_PROJECT_VERSION = 1;
				DEVELOPMENT_TEAM = BFN7NDKVPX;
				GENERATE_INFOPLIST_FILE = YES;
				LD_RUNPATH_SEARCH_PATHS = (
					"$(inherited)",
					"@executable_path/Frameworks",
					"@loader_path/Frameworks",
				);
				MARKETING_VERSION = 1.0;
				PRODUCT_BUNDLE_IDENTIFIER = "dominickhera.Vote-Know-HowUITests";
				PRODUCT_NAME = "$(TARGET_NAME)";
				SWIFT_EMIT_LOC_STRINGS = NO;
				SWIFT_VERSION = 5.0;
				TARGETED_DEVICE_FAMILY = "1,2";
				TEST_TARGET_NAME = "Vote Know How";
			};
			name = Release;
		};
/* End XCBuildConfiguration section */

/* Begin XCConfigurationList section */
		25B7D7C227377B6C0089BF40 /* Build configuration list for PBXProject "Vote Know How" */ = {
			isa = XCConfigurationList;
			buildConfigurations = (
				25B7D7F227377B6D0089BF40 /* Debug */,
				25B7D7F327377B6D0089BF40 /* Release */,
			);
			defaultConfigurationIsVisible = 0;
			defaultConfigurationName = Release;
		};
		25B7D7F427377B6D0089BF40 /* Build configuration list for PBXNativeTarget "Vote Know How" */ = {
			isa = XCConfigurationList;
			buildConfigurations = (
				25B7D7F527377B6D0089BF40 /* Debug */,
				25B7D7F627377B6D0089BF40 /* Release */,
			);
			defaultConfigurationIsVisible = 0;
			defaultConfigurationName = Release;
		};
		25B7D7F727377B6D0089BF40 /* Build configuration list for PBXNativeTarget "Vote Know HowTests" */ = {
			isa = XCConfigurationList;
			buildConfigurations = (
				25B7D7F827377B6D0089BF40 /* Debug */,
				25B7D7F927377B6D0089BF40 /* Release */,
			);
			defaultConfigurationIsVisible = 0;
			defaultConfigurationName = Release;
		};
		25B7D7FA27377B6D0089BF40 /* Build configuration list for PBXNativeTarget "Vote Know HowUITests" */ = {
			isa = XCConfigurationList;
			buildConfigurations = (
				25B7D7FB27377B6D0089BF40 /* Debug */,
				25B7D7FC27377B6D0089BF40 /* Release */,
			);
			defaultConfigurationIsVisible = 0;
			defaultConfigurationName = Release;
		};
/* End XCConfigurationList section */

/* Begin XCVersionGroup section */
		25B7D7D327377B6C0089BF40 /* Vote_Know_How.xcdatamodeld */ = {
			isa = XCVersionGroup;
			children = (
				25B7D7D427377B6C0089BF40 /* Vote_Know_How.xcdatamodel */,
			);
			currentVersion = 25B7D7D427377B6C0089BF40 /* Vote_Know_How.xcdatamodel */;
			path = Vote_Know_How.xcdatamodeld;
			sourceTree = "<group>";
			versionGroupType = wrapper.xcdatamodel;
		};
/* End XCVersionGroup section */
	};
	rootObject = 25B7D7BF27377B6C0089BF40 /* Project object */;
}
